
Microsoft Visual Studio Solution File, Format Version 12.00
# Visual Studio Version 17
VisualStudioVersion = 17.7.33913.275
MinimumVisualStudioVersion = 10.0.40219.1
Project("{FAE04EC0-301F-11D3-BF4B-00C04F79EFBC}") = "PruebaTecnica", "PruebaTecnica\PruebaTecnica.csproj", "{AE44E9BA-0E4B-4F00-92FD-54306C758450}"
EndProject
Global
	GlobalSection(SolutionConfigurationPlatforms) = preSolution
		Debug|Any CPU = Debug|Any CPU
		Release|Any CPU = Release|Any CPU
	EndGlobalSection
	GlobalSection(ProjectConfigurationPlatforms) = postSolution
		{AE44E9BA-0E4B-4F00-92FD-54306C758450}.Debug|Any CPU.ActiveCfg = Debug|Any CPU
		{AE44E9BA-0E4B-4F00-92FD-54306C758450}.Debug|Any CPU.Build.0 = Debug|Any CPU
		{AE44E9BA-0E4B-4F00-92FD-54306C758450}.Debug|Any CPU.Deploy.0 = Debug|Any CPU
		{AE44E9BA-0E4B-4F00-92FD-54306C758450}.Release|Any CPU.ActiveCfg = Release|Any CPU
		{AE44E9BA-0E4B-4F00-92FD-54306C758450}.Release|Any CPU.Build.0 = Release|Any CPU
		{AE44E9BA-0E4B-4F00-92FD-54306C758450}.Release|Any CPU.Deploy.0 = Release|Any CPU
	EndGlobalSection
	GlobalSection(SolutionProperties) = preSolution
		HideSolutionNode = FALSE
	EndGlobalSection
	GlobalSection(ExtensibilityGlobals) = postSolution
		SolutionGuid = {2296E67D-067E-4D17-9B90-2C94C049B8CA}
	EndGlobalSection
EndGlobal
